github.com/ebitengine/purego v0.9.1 h1:a/k2f2HQU3Pi399RPW1MOaZyhKJL9w/xFpKAg4q1s0A=
github.com/ebitengine/purego v0.9.1/go.mod h1:iIjxzd6CiRiOG0UyXP+V1+jWqUXVjPKLAI0mRfJZTmQ=
github.com/tursodatabase/turso-go-platform-libs v0.7.2 h1:5ysGFHJC+I39jT1CFq2TukwscyEjMJN8zAPFXTSwvFE=
github.com/tursodatabase/turso-go-platform-libs v0.7.2/go.mod h1:bo+Lpv5OYOX1gRV9L5DLKMsYxmDs56SkZwnCOLEFcxU=
golang.org/x/sys v0.38.0 h1:3yZWxaJjBmCWXqhN1qh02AkOnCQ1poK6oF+a7xWL6Gc=
golang.org/x/sys v0.38.0/go.mod h1:OgkHotnGiDImocRcuBABYBEXf8A9a87e/uXjp9XT3ks=
turso.tech/database/tursogo v0.7.2 h1:WhsLl67w/Kw7ACEsJaTlXIb1parIgRqUcB8AbNZsBqU=
turso.tech/database/tursogo v0.7.2/go.mod h1:tmC+H2Ot+guA9bs5oOcbbmpj1mHFTa/g7QREXG5QHq0=
